
Microsoft Visual Studio Solution File, Format Version 12.00
# Visual Studio 15
VisualStudioVersion = 15.0.28010.2019
MinimumVisualStudioVersion = 10.0.40219.1
Project("{FAE04EC0-301F-11D3-BF4B-00C04F79EFBC}") = "Skedulo.Android", "Skedulo\Skedulo.Android\Skedulo.Android.csproj", "{24CE3C36-16B9-426D-AA0C-5961ECF8D88C}"
EndProject
Project("{FAE04EC0-301F-11D3-BF4B-00C04F79EFBC}") = "Skedulo.iOS", "Skedulo\Skedulo.iOS\Skedulo.iOS.csproj", "{F9D399F0-9ED0-4CB0-A353-61BDDF328C72}"
EndProject
Project("{FAE04EC0-301F-11D3-BF4B-00C04F79EFBC}") = "Skedulo.UWP", "Skedulo\Skedulo.UWP\Skedulo.UWP.csproj", "{AD3B23A0-409B-448C-BA74-31FF675BE615}"
EndProject
Project("{FAE04EC0-301F-11D3-BF4B-00C04F79EFBC}") = "Skedulo", "Skedulo\Skedulo\Skedulo.csproj", "{0E59619B-E46B-42BF-B7CD-DBDC0BE7C4A2}"
EndProject
Global
	GlobalSection(SolutionConfigurationPlatforms) = preSolution
		Debug|Any CPU = Debug|Any CPU
		Debug|ARM = Debug|ARM
		Debug|iPhone = Debug|iPhone
		Debug|iPhoneSimulator = Debug|iPhoneSimulator
		Debug|x64 = Debug|x64
		Debug|x86 = Debug|x86
		Release|Any CPU = Release|Any CPU
		Release|ARM = Release|ARM
		Release|iPhone = Release|iPhone
		Release|iPhoneSimulator = Release|iPhoneSimulator
		Release|x64 = Release|x64
		Release|x86 = Release|x86
	EndGlobalSection
	GlobalSection(ProjectConfigurationPlatforms) = postSolution
		{24CE3C36-16B9-426D-AA0C-5961ECF8D88C}.Debug|Any CPU.ActiveCfg = Debug|Any CPU
		{24CE3C36-16B9-426D-AA0C-5961ECF8D88C}.Debug|Any CPU.Build.0 = Debug|Any CPU
		{24CE3C36-16B9-426D-AA0C-5961ECF8D88C}.Debug|Any CPU.Deploy.0 = Debug|Any CPU
		{24CE3C36-16B9-426D-AA0C-5961ECF8D88C}.Debug|ARM.ActiveCfg = Debug|Any CPU
		{24CE3C36-16B9-426D-AA0C-5961ECF8D88C}.Debug|ARM.Build.0 = Debug|Any CPU
		{24CE3C36-16B9-426D-AA0C-5961ECF8D88C}.Debug|ARM.Deploy.0 = Debug|Any CPU
		{24CE3C36-16B9-426D-AA0C-5961ECF8D88C}.Debug|iPhone.ActiveCfg = Debug|Any CPU
		{24CE3C36-16B9-426D-AA0C-5961ECF8D88C}.Debug|iPhone.Build.0 = Debug|Any CPU
		{24CE3C36-16B9-426D-AA0C-5961ECF8D88C}.Debug|iPhone.Deploy.0 = Debug|Any CPU
		{24CE3C36-16B9-426D-AA0C-5961ECF8D88C}.Debug|iPhoneSimulator.ActiveCfg = Debug|Any CPU
		{24CE3C36-16B9-426D-AA0C-5961ECF8D88C}.Debug|iPhoneSimulator.Build.0 = Debug|Any CPU
		{24CE3C36-16B9-426D-AA0C-5961ECF8D88C}.Debug|iPhoneSimulator.Deploy.0 = Debug|Any CPU
		{24CE3C36-16B9-426D-AA0C-5961ECF8D88C}.Debug|x64.ActiveCfg = Debug|Any CPU
		{24CE3C36-16B9-426D-AA0C-5961ECF8D88C}.Debug|x64.Build.0 = Debug|Any CPU
		{24CE3C36-16B9-426D-AA0C-5961ECF8D88C}.Debug|x64.Deploy.0 = Debug|Any CPU
		{24CE3C36-16B9-426D-AA0C-5961ECF8D88C}.Debug|x86.ActiveCfg = Debug|Any CPU
		{24CE3C36-16B9-426D-AA0C-5961ECF8D88C}.Debug|x86.Build.0 = Debug|Any CPU
		{24CE3C36-16B9-426D-AA0C-5961ECF8D88C}.Debug|x86.Deploy.0 = Debug|Any CPU
		{24CE3C36-16B9-426D-AA0C-5961ECF8D88C}.Release|Any CPU.ActiveCfg = Release|Any CPU
		{24CE3C36-16B9-426D-AA0C-5961ECF8D88C}.Release|Any CPU.Build.0 = Release|Any CPU
		{24CE3C36-16B9-426D-AA0C-5961ECF8D88C}.Release|Any CPU.Deploy.0 = Release|Any CPU
		{24CE3C36-16B9-426D-AA0C-5961ECF8D88C}.Release|ARM.ActiveCfg = Release|Any CPU
		{24CE3C36-16B9-426D-AA0C-5961ECF8D88C}.Release|ARM.Build.0 = Release|Any CPU
		{24CE3C36-16B9-426D-AA0C-5961ECF8D88C}.Release|ARM.Deploy.0 = Release|Any CPU
		{24CE3C36-16B9-426D-AA0C-5961ECF8D88C}.Release|iPhone.ActiveCfg = Release|Any CPU
		{24CE3C36-16B9-426D-AA0C-5961ECF8D88C}.Release|iPhone.Build.0 = Release|Any CPU
		{24CE3C36-16B9-426D-AA0C-5961ECF8D88C}.Release|iPhone.Deploy.0 = Release|Any CPU
		{24CE3C36-16B9-426D-AA0C-5961ECF8D88C}.Release|iPhoneSimulator.ActiveCfg = Release|Any CPU
		{24CE3C36-16B9-426D-AA0C-5961ECF8D88C}.Release|iPhoneSimulator.Build.0 = Release|Any CPU
		{24CE3C36-16B9-426D-AA0C-5961ECF8D88C}.Release|iPhoneSimulator.Deploy.0 = Release|Any CPU
		{24CE3C36-16B9-426D-AA0C-5961ECF8D88C}.Release|x64.ActiveCfg = Release|Any CPU
		{24CE3C36-16B9-426D-AA0C-5961ECF8D88C}.Release|x64.Build.0 = Release|Any CPU
		{24CE3C36-16B9-426D-AA0C-5961ECF8D88C}.Release|x64.Deploy.0 = Release|Any CPU
		{24CE3C36-16B9-426D-AA0C-5961ECF8D88C}.Release|x86.ActiveCfg = Release|Any CPU
		{24CE3C36-16B9-426D-AA0C-5961ECF8D88C}.Release|x86.Build.0 = Release|Any CPU
		{24CE3C36-16B9-426D-AA0C-5961ECF8D88C}.Release|x86.Deploy.0 = Release|Any CPU
		{F9D399F0-9ED0-4CB0-A353-61BDDF328C72}.Debug|Any CPU.ActiveCfg = Debug|iPhoneSimulator
		{F9D399F0-9ED0-4CB0-A353-61BDDF328C72}.Debug|Any CPU.Build.0 = Debug|iPhoneSimulator
		{F9D399F0-9ED0-4CB0-A353-61BDDF328C72}.Debug|Any CPU.Deploy.0 = Debug|iPhoneSimulator
		{F9D399F0-9ED0-4CB0-A353-61BDDF328C72}.Debug|ARM.ActiveCfg = Debug|iPhone
		{F9D399F0-9ED0-4CB0-A353-61BDDF328C72}.Debug|ARM.Build.0 = Debug|iPhone
		{F9D399F0-9ED0-4CB0-A353-61BDDF328C72}.Debug|ARM.Deploy.0 = Debug|iPhone
		{F9D399F0-9ED0-4CB0-A353-61BDDF328C72}.Debug|iPhone.ActiveCfg = Debug|iPhone
		{F9D399F0-9ED0-4CB0-A353-61BDDF328C72}.Debug|iPhone.Build.0 = Debug|iPhone
		{F9D399F0-9ED0-4CB0-A353-61BDDF328C72}.Debug|iPhone.Deploy.0 = Debug|iPhone
		{F9D399F0-9ED0-4CB0-A353-61BDDF328C72}.Debug|iPhoneSimulator.ActiveCfg = Debug|iPhoneSimulator
		{F9D399F0-9ED0-4CB0-A353-61BDDF328C72}.Debug|iPhoneSimulator.Build.0 = Debug|iPhoneSimulator
		{F9D399F0-9ED0-4CB0-A353-61BDDF328C72}.Debug|iPhoneSimulator.Deploy.0 = Debug|iPhoneSimulator
		{F9D399F0-9ED0-4CB0-A353-61BDDF328C72}.Debug|x64.ActiveCfg = Debug|iPhone
		{F9D399F0-9ED0-4CB0-A353-61BDDF328C72}.Debug|x64.Build.0 = Debug|iPhone
		{F9D399F0-9ED0-4CB0-A353-61BDDF328C72}.Debug|x64.Deploy.0 = Debug|iPhone
		{F9D399F0-9ED0-4CB0-A353-61BDDF328C72}.Debug|x86.ActiveCfg = Debug|iPhone
		{F9D399F0-9ED0-4CB0-A353-61BDDF328C72}.Debug|x86.Build.0 = Debug|iPhone
		{F9D399F0-9ED0-4CB0-A353-61BDDF328C72}.Debug|x86.Deploy.0 = Debug|iPhone
		{F9D399F0-9ED0-4CB0-A353-61BDDF328C72}.Release|Any CPU.ActiveCfg = Release|iPhone
		{F9D399F0-9ED0-4CB0-A353-61BDDF328C72}.Release|Any CPU.Build.0 = Release|iPhone
		{F9D399F0-9ED0-4CB0-A353-61BDDF328C72}.Release|Any CPU.Deploy.0 = Release|iPhone
		{F9D399F0-9ED0-4CB0-A353-61BDDF328C72}.Release|ARM.ActiveCfg = Release|iPhone
		{F9D399F0-9ED0-4CB0-A353-61BDDF328C72}.Release|ARM.Build.0 = Release|iPhone
		{F9D399F0-9ED0-4CB0-A353-61BDDF328C72}.Release|ARM.Deploy.0 = Release|iPhone
		{F9D399F0-9ED0-4CB0-A353-61BDDF328C72}.Release|iPhone.ActiveCfg = Release|iPhone
		{F9D399F0-9ED0-4CB0-A353-61BDDF328C72}.Release|iPhone.Build.0 = Release|iPhone
		{F9D399F0-9ED0-4CB0-A353-61BDDF328C72}.Release|iPhone.Deploy.0 = Release|iPhone
		{F9D399F0-9ED0-4CB0-A353-61BDDF328C72}.Release|iPhoneSimulator.ActiveCfg = Release|iPhoneSimulator
		{F9D399F0-9ED0-4CB0-A353-61BDDF328C72}.Release|iPhoneSimulator.Build.0 = Release|iPhoneSimulator
		{F9D399F0-9ED0-4CB0-A353-61BDDF328C72}.Release|iPhoneSimulator.Deploy.0 = Release|iPhoneSimulator
		{F9D399F0-9ED0-4CB0-A353-61BDDF328C72}.Release|x64.ActiveCfg = Release|iPhone
		{F9D399F0-9ED0-4CB0-A353-61BDDF328C72}.Release|x64.Build.0 = Release|iPhone
		{F9D399F0-9ED0-4CB0-A353-61BDDF328C72}.Release|x64.Deploy.0 = Release|iPhone
		{F9D399F0-9ED0-4CB0-A353-61BDDF328C72}.Release|x86.ActiveCfg = Release|iPhone
		{F9D399F0-9ED0-4CB0-A353-61BDDF328C72}.Release|x86.Build.0 = Release|iPhone
		{F9D399F0-9ED0-4CB0-A353-61BDDF328C72}.Release|x86.Deploy.0 = Release|iPhone
		{AD3B23A0-409B-448C-BA74-31FF675BE615}.Debug|Any CPU.ActiveCfg = Debug|x86
		{AD3B23A0-409B-448C-BA74-31FF675BE615}.Debug|Any CPU.Build.0 = Debug|x86
		{AD3B23A0-409B-448C-BA74-31FF675BE615}.Debug|Any CPU.Deploy.0 = Debug|x86
		{AD3B23A0-409B-448C-BA74-31FF675BE615}.Debug|ARM.ActiveCfg = Debug|ARM
		{AD3B23A0-409B-448C-BA74-31FF675BE615}.Debug|ARM.Build.0 = Debug|ARM
		{AD3B23A0-409B-448C-BA74-31FF675BE615}.Debug|ARM.Deploy.0 = Debug|ARM
		{AD3B23A0-409B-448C-BA74-31FF675BE615}.Debug|iPhone.ActiveCfg = Debug|x86
		{AD3B23A0-409B-448C-BA74-31FF675BE615}.Debug|iPhone.Build.0 = Debug|x86
		{AD3B23A0-409B-448C-BA74-31FF675BE615}.Debug|iPhone.Deploy.0 = Debug|x86
		{AD3B23A0-409B-448C-BA74-31FF675BE615}.Debug|iPhoneSimulator.ActiveCfg = Debug|x86
		{AD3B23A0-409B-448C-BA74-31FF675BE615}.Debug|iPhoneSimulator.Build.0 = Debug|x86
		{AD3B23A0-409B-448C-BA74-31FF675BE615}.Debug|iPhoneSimulator.Deploy.0 = Debug|x86
		{AD3B23A0-409B-448C-BA74-31FF675BE615}.Debug|x64.ActiveCfg = Debug|x64
		{AD3B23A0-409B-448C-BA74-31FF675BE615}.Debug|x64.Build.0 = Debug|x64
		{AD3B23A0-409B-448C-BA74-31FF675BE615}.Debug|x64.Deploy.0 = Debug|x64
		{AD3B23A0-409B-448C-BA74-31FF675BE615}.Debug|x86.ActiveCfg = Debug|x86
		{AD3B23A0-409B-448C-BA74-31FF675BE615}.Debug|x86.Build.0 = Debug|x86
		{AD3B23A0-409B-448C-BA74-31FF675BE615}.Debug|x86.Deploy.0 = Debug|x86
		{AD3B23A0-409B-448C-BA74-31FF675BE615}.Release|Any CPU.ActiveCfg = Release|x86
		{AD3B23A0-409B-448C-BA74-31FF675BE615}.Release|Any CPU.Build.0 = Release|x86
		{AD3B23A0-409B-448C-BA74-31FF675BE615}.Release|Any CPU.Deploy.0 = Release|x86
		{AD3B23A0-409B-448C-BA74-31FF675BE615}.Release|ARM.ActiveCfg = Release|ARM
		{AD3B23A0-409B-448C-BA74-31FF675BE615}.Release|ARM.Build.0 = Release|ARM
		{AD3B23A0-409B-448C-BA74-31FF675BE615}.Release|ARM.Deploy.0 = Release|ARM
		{AD3B23A0-409B-448C-BA74-31FF675BE615}.Release|iPhone.ActiveCfg = Release|x86
		{AD3B23A0-409B-448C-BA74-31FF675BE615}.Release|iPhone.Build.0 = Release|x86
		{AD3B23A0-409B-448C-BA74-31FF675BE615}.Release|iPhone.Deploy.0 = Release|x86
		{AD3B23A0-409B-448C-BA74-31FF675BE615}.Release|iPhoneSimulator.ActiveCfg = Release|x86
		{AD3B23A0-409B-448C-BA74-31FF675BE615}.Release|iPhoneSimulator.Build.0 = Release|x86
		{AD3B23A0-409B-448C-BA74-31FF675BE615}.Release|iPhoneSimulator.Deploy.0 = Release|x86
		{AD3B23A0-409B-448C-BA74-31FF675BE615}.Release|x64.ActiveCfg = Release|x64
		{AD3B23A0-409B-448C-BA74-31FF675BE615}.Release|x64.Build.0 = Release|x64
		{AD3B23A0-409B-448C-BA74-31FF675BE615}.Release|x64.Deploy.0 = Release|x64
		{AD3B23A0-409B-448C-BA74-31FF675BE615}.Release|x86.ActiveCfg = Release|x86
		{AD3B23A0-409B-448C-BA74-31FF675BE615}.Release|x86.Build.0 = Release|x86
		{AD3B23A0-409B-448C-BA74-31FF675BE615}.Release|x86.Deploy.0 = Release|x86
		{0E59619B-E46B-42BF-B7CD-DBDC0BE7C4A2}.Debug|Any CPU.ActiveCfg = Debug|Any CPU
		{0E59619B-E46B-42BF-B7CD-DBDC0BE7C4A2}.Debug|Any CPU.Build.0 = Debug|Any CPU
		{0E59619B-E46B-42BF-B7CD-DBDC0BE7C4A2}.Debug|Any CPU.Deploy.0 = Debug|Any CPU
		{0E59619B-E46B-42BF-B7CD-DBDC0BE7C4A2}.Debug|ARM.ActiveCfg = Debug|Any CPU
		{0E59619B-E46B-42BF-B7CD-DBDC0BE7C4A2}.Debug|ARM.Build.0 = Debug|Any CPU
		{0E59619B-E46B-42BF-B7CD-DBDC0BE7C4A2}.Debug|ARM.Deploy.0 = Debug|Any CPU
		{0E59619B-E46B-42BF-B7CD-DBDC0BE7C4A2}.Debug|iPhone.ActiveCfg = Debug|Any CPU
		{0E59619B-E46B-42BF-B7CD-DBDC0BE7C4A2}.Debug|iPhone.Build.0 = Debug|Any CPU
		{0E59619B-E46B-42BF-B7CD-DBDC0BE7C4A2}.Debug|iPhone.Deploy.0 = Debug|Any CPU
		{0E59619B-E46B-42BF-B7CD-DBDC0BE7C4A2}.Debug|iPhoneSimulator.ActiveCfg = Debug|Any CPU
		{0E59619B-E46B-42BF-B7CD-DBDC0BE7C4A2}.Debug|iPhoneSimulator.Build.0 = Debug|Any CPU
		{0E59619B-E46B-42BF-B7CD-DBDC0BE7C4A2}.Debug|iPhoneSimulator.Deploy.0 = Debug|Any CPU
		{0E59619B-E46B-42BF-B7CD-DBDC0BE7C4A2}.Debug|x64.ActiveCfg = Debug|Any CPU
		{0E59619B-E46B-42BF-B7CD-DBDC0BE7C4A2}.Debug|x64.Build.0 = Debug|Any CPU
		{0E59619B-E46B-42BF-B7CD-DBDC0BE7C4A2}.Debug|x64.Deploy.0 = Debug|Any CPU
		{0E59619B-E46B-42BF-B7CD-DBDC0BE7C4A2}.Debug|x86.ActiveCfg = Debug|Any CPU
		{0E59619B-E46B-42BF-B7CD-DBDC0BE7C4A2}.Debug|x86.Build.0 = Debug|Any CPU
		{0E59619B-E46B-42BF-B7CD-DBDC0BE7C4A2}.Debug|x86.Deploy.0 = Debug|Any CPU
		{0E59619B-E46B-42BF-B7CD-DBDC0BE7C4A2}.Release|Any CPU.ActiveCfg = Release|Any CPU
		{0E59619B-E46B-42BF-B7CD-DBDC0BE7C4A2}.Release|Any CPU.Build.0 = Release|Any CPU
		{0E59619B-E46B-42BF-B7CD-DBDC0BE7C4A2}.Release|Any CPU.Deploy.0 = Release|Any CPU
		{0E59619B-E46B-42BF-B7CD-DBDC0BE7C4A2}.Release|ARM.ActiveCfg = Release|Any CPU
		{0E59619B-E46B-42BF-B7CD-DBDC0BE7C4A2}.Release|ARM.Build.0 = Release|Any CPU
		{0E59619B-E46B-42BF-B7CD-DBDC0BE7C4A2}.Release|ARM.Deploy.0 = Release|Any CPU
		{0E59619B-E46B-42BF-B7CD-DBDC0BE7C4A2}.Release|iPhone.ActiveCfg = Release|Any CPU
		{0E59619B-E46B-42BF-B7CD-DBDC0BE7C4A2}.Release|iPhone.Build.0 = Release|Any CPU
		{0E59619B-E46B-42BF-B7CD-DBDC0BE7C4A2}.Release|iPhone.Deploy.0 = Release|Any CPU
		{0E59619B-E46B-42BF-B7CD-DBDC0BE7C4A2}.Release|iPhoneSimulator.ActiveCfg = Release|Any CPU
		{0E59619B-E46B-42BF-B7CD-DBDC0BE7C4A2}.Release|iPhoneSimulator.Build.0 = Release|Any CPU
		{0E59619B-E46B-42BF-B7CD-DBDC0BE7C4A2}.Release|iPhoneSimulator.Deploy.0 = Release|Any CPU
		{0E59619B-E46B-42BF-B7CD-DBDC0BE7C4A2}.Release|x64.ActiveCfg = Release|Any CPU
		{0E59619B-E46B-42BF-B7CD-DBDC0BE7C4A2}.Release|x64.Build.0 = Release|Any CPU
		{0E59619B-E46B-42BF-B7CD-DBDC0BE7C4A2}.Release|x64.Deploy.0 = Release|Any CPU
		{0E59619B-E46B-42BF-B7CD-DBDC0BE7C4A2}.Release|x86.ActiveCfg = Release|Any CPU
		{0E59619B-E46B-42BF-B7CD-DBDC0BE7C4A2}.Release|x86.Build.0 = Release|Any CPU
		{0E59619B-E46B-42BF-B7CD-DBDC0BE7C4A2}.Release|x86.Deploy.0 = Release|Any CPU
	EndGlobalSection
	GlobalSection(SolutionProperties) = preSolution
		HideSolutionNode = FALSE
	EndGlobalSection
	GlobalSection(ExtensibilityGlobals) = postSolution
		SolutionGuid = {279E80C2-AD91-451C-B343-BEC6B407B91C}
	EndGlobalSection
EndGlobal
